// !$*UTF8*$!
{
	archiveVersion = 1;
	classes = {
	};
	objectVersion = 60;
	objects = {

/* Begin PBXBuildFile section */
		A10001000000000000000001 /* TalkmanApp.swift in Sources */ = {isa = PBXBuildFile; fileRef = A10002000000000000000001 /* TalkmanApp.swift */; };
		A10001000000000000000002 /* AppDelegate.swift in Sources */ = {isa = PBXBuildFile; fileRef = A10002000000000000000002 /* AppDelegate.swift */; };
		A10001000000000000000003 /* TranscriptionSegment.swift in Sources */ = {isa = PBXBuildFile; fileRef = A10002000000000000000003 /* TranscriptionSegment.swift */; };
		A10001000000000000000004 /* AudioCaptureService.swift in Sources */ = {isa = PBXBuildFile; fileRef = A10002000000000000000004 /* AudioCaptureService.swift */; };
		A10001000000000000000005 /* TranscriptionService.swift in Sources */ = {isa = PBXBuildFile; fileRef = A10002000000000000000005 /* TranscriptionService.swift */; };
		A10001000000000000000006 /* HotkeyService.swift in Sources */ = {isa = PBXBuildFile; fileRef = A10002000000000000000006 /* HotkeyService.swift */; };
		A10001000000000000000007 /* OutputService.swift in Sources */ = {isa = PBXBuildFile; fileRef = A10002000000000000000007 /* OutputService.swift */; };
		A10001000000000000000008 /* SettingsStore.swift in Sources */ = {isa = PBXBuildFile; fileRef = A10002000000000000000008 /* SettingsStore.swift */; };
		A10001000000000000000009 /* RecordingManager.swift in Sources */ = {isa = PBXBuildFile; fileRef = A10002000000000000000009 /* RecordingManager.swift */; };
		A10001000000000000000010 /* MenuBarView.swift in Sources */ = {isa = PBXBuildFile; fileRef = A10002000000000000000010 /* MenuBarView.swift */; };
		A10001000000000000000012 /* DesignTokens.swift in Sources */ = {isa = PBXBuildFile; fileRef = A10002000000000000000012 /* DesignTokens.swift */; };
		A10001000000000000000013 /* Assets.xcassets in Resources */ = {isa = PBXBuildFile; fileRef = A10002000000000000000013 /* Assets.xcassets */; };
		A10001000000000000000014 /* TextReplacementService.swift in Sources */ = {isa = PBXBuildFile; fileRef = A10002000000000000000014 /* TextReplacementService.swift */; };
		A10001000000000000000015 /* UncheckedSendableBox.swift in Sources */ = {isa = PBXBuildFile; fileRef = A10002000000000000000015 /* UncheckedSendableBox.swift */; };
		A10001000000000000000016 /* HistoryService.swift in Sources */ = {isa = PBXBuildFile; fileRef = A10002000000000000000016 /* HistoryService.swift */; };
		A10001000000000000000017 /* SystemAudioService.swift in Sources */ = {isa = PBXBuildFile; fileRef = A10002000000000000000017 /* SystemAudioService.swift */; };
/* End PBXBuildFile section */

/* Begin PBXFileReference section */
		A10002000000000000000001 /* TalkmanApp.swift */ = {isa = PBXFileReference; lastKnownFileType = sourcecode.swift; path = TalkmanApp.swift; sourceTree = "<group>"; };
		A10002000000000000000002 /* AppDelegate.swift */ = {isa = PBXFileReference; lastKnownFileType = sourcecode.swift; path = AppDelegate.swift; sourceTree = "<group>"; };
		A10002000000000000000003 /* TranscriptionSegment.swift */ = {isa = PBXFileReference; lastKnownFileType = sourcecode.swift; path = TranscriptionSegment.swift; sourceTree = "<group>"; };
		A10002000000000000000004 /* AudioCaptureService.swift */ = {isa = PBXFileReference; lastKnownFileType = sourcecode.swift; path = AudioCaptureService.swift; sourceTree = "<group>"; };
		A10002000000000000000005 /* TranscriptionService.swift */ = {isa = PBXFileReference; lastKnownFileType = sourcecode.swift; path = TranscriptionService.swift; sourceTree = "<group>"; };
		A10002000000000000000006 /* HotkeyService.swift */ = {isa = PBXFileReference; lastKnownFileType = sourcecode.swift; path = HotkeyService.swift; sourceTree = "<group>"; };
		A10002000000000000000007 /* OutputService.swift */ = {isa = PBXFileReference; lastKnownFileType = sourcecode.swift; path = OutputService.swift; sourceTree = "<group>"; };
		A10002000000000000000008 /* SettingsStore.swift */ = {isa = PBXFileReference; lastKnownFileType = sourcecode.swift; path = SettingsStore.swift; sourceTree = "<group>"; };
		A10002000000000000000009 /* RecordingManager.swift */ = {isa = PBXFileReference; lastKnownFileType = sourcecode.swift; path = RecordingManager.swift; sourceTree = "<group>"; };
		A10002000000000000000010 /* MenuBarView.swift */ = {isa = PBXFileReference; lastKnownFileType = sourcecode.swift; path = MenuBarView.swift; sourceTree = "<group>"; };
		A10002000000000000000012 /* DesignTokens.swift */ = {isa = PBXFileReference; lastKnownFileType = sourcecode.swift; path = DesignTokens.swift; sourceTree = "<group>"; };
		A10002000000000000000013 /* Assets.xcassets */ = {isa = PBXFileReference; lastKnownFileType = folder.assetcatalog; path = Assets.xcassets; sourceTree = "<group>"; };
		A10002000000000000000014 /* TextReplacementService.swift */ = {isa = PBXFileReference; lastKnownFileType = sourcecode.swift; path = TextReplacementService.swift; sourceTree = "<group>"; };
		A10002000000000000000015 /* UncheckedSendableBox.swift */ = {isa = PBXFileReference; lastKnownFileType = sourcecode.swift; path = UncheckedSendableBox.swift; sourceTree = "<group>"; };
		A10002000000000000000016 /* HistoryService.swift */ = {isa = PBXFileReference; lastKnownFileType = sourcecode.swift; path = HistoryService.swift; sourceTree = "<group>"; };
		A10002000000000000000017 /* SystemAudioService.swift */ = {isa = PBXFileReference; lastKnownFileType = sourcecode.swift; path = SystemAudioService.swift; sourceTree = "<group>"; };
		A10002000000000000000018 /* Talkman.entitlements */ = {isa = PBXFileReference; lastKnownFileType = text.plist.entitlements; path = Talkman.entitlements; sourceTree = "<group>"; };
		A10003000000000000000001 /* Talkman.app */ = {isa = PBXFileReference; explicitFileType = wrapper.application; includeInIndex = 0; path = Talkman.app; sourceTree = BUILT_PRODUCTS_DIR; };
/* End PBXFileReference section */

/* Begin PBXFrameworksBuildPhase section */
		A10004000000000000000001 /* Frameworks */ = {
			isa = PBXFrameworksBuildPhase;
			buildActionMask = 2147483647;
			files = (
			);
			runOnlyForDeploymentPostprocessing = 0;
		};
/* End PBXFrameworksBuildPhase section */

/* Begin PBXGroup section */
		A10005000000000000000001 /* Root */ = {
			isa = PBXGroup;
			children = (
				A10005000000000000000002 /* Talkman */,
				A10005000000000000000099 /* Products */,
			);
			sourceTree = "<group>";
		};
		A10005000000000000000099 /* Products */ = {
			isa = PBXGroup;
			children = (
				A10003000000000000000001 /* Talkman.app */,
			);
			name = Products;
			sourceTree = "<group>";
		};
		A10005000000000000000002 /* Talkman */ = {
			isa = PBXGroup;
			children = (
				A10005000000000000000003 /* App */,
				A10005000000000000000004 /* Models */,
				A10005000000000000000005 /* Services */,
				A10005000000000000000006 /* Views */,
				A10005000000000000000007 /* Resources */,
				A10002000000000000000013 /* Assets.xcassets */,
				A10002000000000000000018 /* Talkman.entitlements */,
			);
			path = Talkman;
			sourceTree = "<group>";
		};
		A10005000000000000000003 /* App */ = {
			isa = PBXGroup;
			children = (
				A10002000000000000000001 /* TalkmanApp.swift */,
				A10002000000000000000002 /* AppDelegate.swift */,
			);
			path = App;
			sourceTree = "<group>";
		};
		A10005000000000000000004 /* Models */ = {
			isa = PBXGroup;
			children = (
				A10002000000000000000003 /* TranscriptionSegment.swift */,
				A10002000000000000000015 /* UncheckedSendableBox.swift */,
			);
			path = Models;
			sourceTree = "<group>";
		};
		A10005000000000000000005 /* Services */ = {
			isa = PBXGroup;
			children = (
				A10002000000000000000004 /* AudioCaptureService.swift */,
				A10002000000000000000005 /* TranscriptionService.swift */,
				A10002000000000000000006 /* HotkeyService.swift */,
				A10002000000000000000007 /* OutputService.swift */,
				A10002000000000000000008 /* SettingsStore.swift */,
				A10002000000000000000009 /* RecordingManager.swift */,
				A10002000000000000000014 /* TextReplacementService.swift */,
				A10002000000000000000016 /* HistoryService.swift */,
				A10002000000000000000017 /* SystemAudioService.swift */,
			);
			path = Services;
			sourceTree = "<group>";
		};
		A10005000000000000000006 /* Views */ = {
			isa = PBXGroup;
			children = (
				A10002000000000000000010 /* MenuBarView.swift */,
			);
			path = Views;
			sourceTree = "<group>";
		};
		A10005000000000000000007 /* Resources */ = {
			isa = PBXGroup;
			children = (
				A10002000000000000000012 /* DesignTokens.swift */,
			);
			path = Resources;
			sourceTree = "<group>";
		};
/* End PBXGroup section */

/* Begin PBXNativeTarget section */
		A10006000000000000000001 /* Talkman */ = {
			isa = PBXNativeTarget;
			buildConfigurationList = A10008000000000000000003 /* Build configuration list for PBXNativeTarget "Talkman" */;
			buildPhases = (
				A10007000000000000000001 /* Sources */,
				A10004000000000000000001 /* Frameworks */,
				A10007000000000000000002 /* Resources */,
			);
			buildRules = (
			);
			dependencies = (
			);
			name = Talkman;
			packageProductDependencies = (
				A1000B000000000000000001 /* FluidAudio */,
			);
			productName = Talkman;
			productReference = A10003000000000000000001 /* Talkman.app */;
			productType = "com.apple.product-type.application";
		};
/* End PBXNativeTarget section */

/* Begin PBXProject section */
		A10009000000000000000001 /* Project object */ = {
			isa = PBXProject;
			attributes = {
				BuildIndependentTargetsInParallel = 1;
				LastSwiftUpdateCheck = 1600;
				LastUpgradeCheck = 1600;
				TargetAttributes = {
					A10006000000000000000001 = {
						CreatedOnToolsVersion = 16.0;
					};
				};
			};
			buildConfigurationList = A10008000000000000000001 /* Build configuration list for PBXProject "Talkman" */;
			compatibilityVersion = "Xcode 15.0";
			developmentRegion = en;
			hasScannedForEncodings = 0;
			knownRegions = (
				en,
				Base,
			);
			mainGroup = A10005000000000000000001 /* Root */;
			packageReferences = (
				A1000A000000000000000001 /* XCRemoteSwiftPackageReference "FluidAudio" */,
			);
			productRefGroup = A10005000000000000000099 /* Products */;
			projectDirPath = "";
			projectRoot = "";
			targets = (
				A10006000000000000000001 /* Talkman */,
			);
		};
/* End PBXProject section */

/* Begin PBXResourcesBuildPhase section */
		A10007000000000000000002 /* Resources */ = {
			isa = PBXResourcesBuildPhase;
			buildActionMask = 2147483647;
			files = (
				A10001000000000000000013 /* Assets.xcassets in Resources */,
			);
			runOnlyForDeploymentPostprocessing = 0;
		};
/* End PBXResourcesBuildPhase section */

/* Begin PBXSourcesBuildPhase section */
		A10007000000000000000001 /* Sources */ = {
			isa = PBXSourcesBuildPhase;
			buildActionMask = 2147483647;
			files = (
				A10001000000000000000001 /* TalkmanApp.swift in Sources */,
				A10001000000000000000002 /* AppDelegate.swift in Sources */,
				A10001000000000000000003 /* TranscriptionSegment.swift in Sources */,
				A10001000000000000000004 /* AudioCaptureService.swift in Sources */,
				A10001000000000000000005 /* TranscriptionService.swift in Sources */,
				A10001000000000000000006 /* HotkeyService.swift in Sources */,
				A10001000000000000000007 /* OutputService.swift in Sources */,
				A10001000000000000000008 /* SettingsStore.swift in Sources */,
				A10001000000000000000009 /* RecordingManager.swift in Sources */,
				A10001000000000000000010 /* MenuBarView.swift in Sources */,
				A10001000000000000000012 /* DesignTokens.swift in Sources */,
				A10001000000000000000014 /* TextReplacementService.swift in Sources */,
				A10001000000000000000015 /* UncheckedSendableBox.swift in Sources */,
				A10001000000000000000016 /* HistoryService.swift in Sources */,
				A10001000000000000000017 /* SystemAudioService.swift in Sources */,
			);
			runOnlyForDeploymentPostprocessing = 0;
		};
/* End PBXSourcesBuildPhase section */

/* Begin XCBuildConfiguration section */
		A10008000000000000000010 /* Debug */ = {
			isa = XCBuildConfiguration;
			buildSettings = {
				ALWAYS_SEARCH_USER_PATHS = NO;
				ASSETCATALOG_COMPILER_GENERATE_SWIFT_ASSET_SYMBOL_EXTENSIONS = YES;
				CLANG_ANALYZER_NONNULL = YES;
				CLANG_ANALYZER_NUMBER_OBJECT_CONVERSION = YES_AGGRESSIVE;
				CLANG_CXX_LANGUAGE_STANDARD = "gnu++20";
				CLANG_ENABLE_MODULES = YES;
				CLANG_ENABLE_OBJC_ARC = YES;
				CLANG_ENABLE_OBJC_WEAK = YES;
				CLANG_WARN_BLOCK_CAPTURE_AUTORELEASING = YES;
				CLANG_WARN_BOOL_CONVERSION = YES;
				CLANG_WARN_COMMA = YES;
				CLANG_WARN_CONSTANT_CONVERSION = YES;
				CLANG_WARN_DEPRECATED_OBJC_IMPLEMENTATIONS = YES;
				CLANG_WARN_DIRECT_OBJC_ISA_USAGE = YES_ERROR;
				CLANG_WARN_DOCUMENTATION_COMMENTS = YES;
				CLANG_WARN_EMPTY_BODY = YES;
				CLANG_WARN_ENUM_CONVERSION = YES;
				CLANG_WARN_INFINITE_RECURSION = YES;
				CLANG_WARN_INT_CONVERSION = YES;
				CLANG_WARN_NON_LITERAL_NULL_CONVERSION = YES;
				CLANG_WARN_OBJC_IMPLICIT_RETAIN_SELF = YES;
				CLANG_WARN_OBJC_LITERAL_CONVERSION = YES;
				CLANG_WARN_OBJC_ROOT_CLASS = YES_ERROR;
				CLANG_WARN_QUOTED_INCLUDE_IN_FRAMEWORK_HEADER = YES;
				CLANG_WARN_RANGE_LOOP_ANALYSIS = YES;
				CLANG_WARN_STRICT_PROTOTYPES = YES;
				CLANG_WARN_SUSPICIOUS_MOVE = YES;
				CLANG_WARN_UNGUARDED_AVAILABILITY = YES_AGGRESSIVE;
				CLANG_WARN_UNREACHABLE_CODE = YES;
				CLANG_WARN__DUPLICATE_METHOD_MATCH = YES;
				COPY_PHASE_STRIP = NO;
				DEBUG_INFORMATION_FORMAT = dwarf;
				ENABLE_STRICT_OBJC_MSGSEND = YES;
				ENABLE_TESTABILITY = YES;
				ENABLE_USER_SCRIPT_SANDBOXING = YES;
				GCC_C_LANGUAGE_STANDARD = gnu17;
				GCC_DYNAMIC_NO_PIC = NO;
				GCC_NO_COMMON_BLOCKS = YES;
				GCC_OPTIMIZATION_LEVEL = 0;
				GCC_PREPROCESSOR_DEFINITIONS = (
					"DEBUG=1",
					"$(inherited)",
				);
				GCC_WARN_64_TO_32_BIT_CONVERSION = YES;
				GCC_WARN_ABOUT_RETURN_TYPE = YES_ERROR;
				GCC_WARN_UNDECLARED_SELECTOR = YES;
				GCC_WARN_UNINITIALIZED_AUTOS = YES_AGGRESSIVE;
				GCC_WARN_UNUSED_FUNCTION = YES;
				GCC_WARN_UNUSED_VARIABLE = YES;
				MACOSX_DEPLOYMENT_TARGET = 15.2;
				MTL_ENABLE_DEBUG_INFO = INCLUDE_SOURCE;
				MTL_FAST_MATH = YES;
				ONLY_ACTIVE_ARCH = YES;
				SDKROOT = macosx;
				SWIFT_ACTIVE_COMPILATION_CONDITIONS = "DEBUG $(inherited)";
				SWIFT_OPTIMIZATION_LEVEL = "-Onone";
				SWIFT_VERSION = 6.0;
			};
			name = Debug;
		};
		A10008000000000000000011 /* Release */ = {
			isa = XCBuildConfiguration;
			buildSettings = {
				ALWAYS_SEARCH_USER_PATHS = NO;
				ASSETCATALOG_COMPILER_GENERATE_SWIFT_ASSET_SYMBOL_EXTENSIONS = YES;
				CLANG_ANALYZER_NONNULL = YES;
				CLANG_ANALYZER_NUMBER_OBJECT_CONVERSION = YES_AGGRESSIVE;
				CLANG_CXX_LANGUAGE_STANDARD = "gnu++20";
				CLANG_ENABLE_MODULES = YES;
				CLANG_ENABLE_OBJC_ARC = YES;
				CLANG_ENABLE_OBJC_WEAK = YES;
				CLANG_WARN_BLOCK_CAPTURE_AUTORELEASING = YES;
				CLANG_WARN_BOOL_CONVERSION = YES;
				CLANG_WARN_COMMA = YES;
				CLANG_WARN_CONSTANT_CONVERSION = YES;
				CLANG_WARN_DEPRECATED_OBJC_IMPLEMENTATIONS = YES;
				CLANG_WARN_DIRECT_OBJC_ISA_USAGE = YES_ERROR;
				CLANG_WARN_DOCUMENTATION_COMMENTS = YES;
				CLANG_WARN_EMPTY_BODY = YES;
				CLANG_WARN_ENUM_CONVERSION = YES;
				CLANG_WARN_INFINITE_RECURSION = YES;
				CLANG_WARN_INT_CONVERSION = YES;
				CLANG_WARN_NON_LITERAL_NULL_CONVERSION = YES;
				CLANG_WARN_OBJC_IMPLICIT_RETAIN_SELF = YES;
				CLANG_WARN_OBJC_LITERAL_CONVERSION = YES;
				CLANG_WARN_OBJC_ROOT_CLASS = YES_ERROR;
				CLANG_WARN_QUOTED_INCLUDE_IN_FRAMEWORK_HEADER = YES;
				CLANG_WARN_RANGE_LOOP_ANALYSIS = YES;
				CLANG_WARN_STRICT_PROTOTYPES = YES;
				CLANG_WARN_SUSPICIOUS_MOVE = YES;
				CLANG_WARN_UNGUARDED_AVAILABILITY = YES_AGGRESSIVE;
				CLANG_WARN_UNREACHABLE_CODE = YES;
				CLANG_WARN__DUPLICATE_METHOD_MATCH = YES;
				COPY_PHASE_STRIP = NO;
				DEBUG_INFORMATION_FORMAT = "dwarf-with-dsym";
				ENABLE_NS_ASSERTIONS = NO;
				ENABLE_STRICT_OBJC_MSGSEND = YES;
				ENABLE_USER_SCRIPT_SANDBOXING = YES;
				GCC_C_LANGUAGE_STANDARD = gnu17;
				GCC_NO_COMMON_BLOCKS = YES;
				GCC_WARN_64_TO_32_BIT_CONVERSION = YES;
				GCC_WARN_ABOUT_RETURN_TYPE = YES_ERROR;
				GCC_WARN_UNDECLARED_SELECTOR = YES;
				GCC_WARN_UNINITIALIZED_AUTOS = YES_AGGRESSIVE;
				GCC_WARN_UNUSED_FUNCTION = YES;
				GCC_WARN_UNUSED_VARIABLE = YES;
				MACOSX_DEPLOYMENT_TARGET = 15.2;
				MTL_ENABLE_DEBUG_INFO = NO;
				MTL_FAST_MATH = YES;
				SDKROOT = macosx;
				SWIFT_COMPILATION_MODE = wholemodule;
				SWIFT_VERSION = 6.0;
			};
			name = Release;
		};
		A10008000000000000000020 /* Debug */ = {
			isa = XCBuildConfiguration;
			buildSettings = {
				ASSETCATALOG_COMPILER_APPICON_NAME = AppIcon;
				CODE_SIGN_ENTITLEMENTS = Talkman/Talkman.entitlements;
				CODE_SIGN_STYLE = Automatic;
				COMBINE_HIDPI_IMAGES = YES;
				CURRENT_PROJECT_VERSION = 1;
				DEVELOPMENT_TEAM = 5A4T37N77V;
				ENABLE_HARDENED_RUNTIME = YES;
				GENERATE_INFOPLIST_FILE = YES;
				INFOPLIST_KEY_LSUIElement = YES;
				INFOPLIST_KEY_NSAppleEventsUsageDescription = "Talkman needs Automation access to detect if music is playing, so it can pause during recording and resume when you stop.";
				INFOPLIST_KEY_NSMicrophoneUsageDescription = "Talkman uses your microphone to transcribe speech into text locally on your device. Audio never leaves your Mac.";
				MARKETING_VERSION = 0.5.2;
				PRODUCT_BUNDLE_IDENTIFIER = com.youngpilot.Talkman;
				PRODUCT_NAME = "$(TARGET_NAME)";
				SWIFT_EMIT_LOC_STRINGS = YES;
				SWIFT_VERSION = 6.0;
			};
			name = Debug;
		};
		A10008000000000000000021 /* Release */ = {
			isa = XCBuildConfiguration;
			buildSettings = {
				ASSETCATALOG_COMPILER_APPICON_NAME = AppIcon;
				CODE_SIGN_ENTITLEMENTS = Talkman/Talkman.entitlements;
				CODE_SIGN_STYLE = Automatic;
				COMBINE_HIDPI_IMAGES = YES;
				CURRENT_PROJECT_VERSION = 1;
				DEVELOPMENT_TEAM = 5A4T37N77V;
				ENABLE_HARDENED_RUNTIME = YES;
				GENERATE_INFOPLIST_FILE = YES;
				INFOPLIST_KEY_LSUIElement = YES;
				INFOPLIST_KEY_NSAppleEventsUsageDescription = "Talkman needs Automation access to detect if music is playing, so it can pause during recording and resume when you stop.";
				INFOPLIST_KEY_NSMicrophoneUsageDescription = "Talkman uses your microphone to transcribe speech into text locally on your device. Audio never leaves your Mac.";
				MARKETING_VERSION = 0.5.2;
				PRODUCT_BUNDLE_IDENTIFIER = com.youngpilot.Talkman;
				PRODUCT_NAME = "$(TARGET_NAME)";
				SWIFT_EMIT_LOC_STRINGS = YES;
				SWIFT_VERSION = 6.0;
			};
			name = Release;
		};
/* End XCBuildConfiguration section */

/* Begin XCConfigurationList section */
		A10008000000000000000001 /* Build configuration list for PBXProject "Talkman" */ = {
			isa = XCConfigurationList;
			buildConfigurations = (
				A10008000000000000000010 /* Debug */,
				A10008000000000000000011 /* Release */,
			);
			defaultConfigurationIsVisible = 0;
			defaultConfigurationName = Release;
		};
		A10008000000000000000003 /* Build configuration list for PBXNativeTarget "Talkman" */ = {
			isa = XCConfigurationList;
			buildConfigurations = (
				A10008000000000000000020 /* Debug */,
				A10008000000000000000021 /* Release */,
			);
			defaultConfigurationIsVisible = 0;
			defaultConfigurationName = Release;
		};
/* End XCConfigurationList section */

/* Begin XCRemoteSwiftPackageReference section */
		A1000A000000000000000001 /* XCRemoteSwiftPackageReference "FluidAudio" */ = {
			isa = XCRemoteSwiftPackageReference;
			repositoryURL = "https://github.com/FluidInference/FluidAudio.git";
			requirement = {
				kind = exactVersion;
				version = 0.12.2;
			};
		};
/* End XCRemoteSwiftPackageReference section */

/* Begin XCSwiftPackageProductDependency section */
		A1000B000000000000000001 /* FluidAudio */ = {
			isa = XCSwiftPackageProductDependency;
			package = A1000A000000000000000001 /* XCRemoteSwiftPackageReference "FluidAudio" */;
			productName = FluidAudio;
		};
/* End XCSwiftPackageProductDependency section */

	};
	rootObject = A10009000000000000000001 /* Project object */;
}
